
Microsoft Visual Studio Solution File, Format Version 12.00
# Visual Studio Version 17
VisualStudioVersion = 17.2.32526.322
MinimumVisualStudioVersion = 10.0.40219.1
Project("{FAE04EC0-301F-11D3-BF4B-00C04F79EFBC}") = "Manticore boss fight", "Manticore boss fight.csproj", "{DA5A3A9D-B04C-4B8D-B926-ADE371632F26}"
EndProject
Global
	GlobalSection(SolutionConfigurationPlatforms) = preSolution
		Debug|Any CPU = Debug|Any CPU
		Release|Any CPU = Release|Any CPU
	EndGlobalSection
	GlobalSection(ProjectConfigurationPlatforms) = postSolution
		{DA5A3A9D-B04C-4B8D-B926-ADE371632F26}.Debug|Any CPU.ActiveCfg = Debug|Any CPU
		{DA5A3A9D-B04C-4B8D-B926-ADE371632F26}.Debug|Any CPU.Build.0 = Debug|Any CPU
		{DA5A3A9D-B04C-4B8D-B926-ADE371632F26}.Release|Any CPU.ActiveCfg = Release|Any CPU
		{DA5A3A9D-B04C-4B8D-B926-ADE371632F26}.Release|Any CPU.Build.0 = Release|Any CPU
	EndGlobalSection
	GlobalSection(SolutionProperties) = preSolution
		HideSolutionNode = FALSE
	EndGlobalSection
	GlobalSection(ExtensibilityGlobals) = postSolution
		SolutionGuid = {905268CE-D2D8-407C-981A-F0EFDA8581E3}
	EndGlobalSection
EndGlobal
